
Microsoft Visual Studio Solution File, Format Version 12.00
# Visual Studio 15
VisualStudioVersion = 15.0.27703.2000
MinimumVisualStudioVersion = 10.0.40219.1
Project("{FAE04EC0-301F-11D3-BF4B-00C04F79EFBC}") = "finalproject_urvish", "finalproject_urvish\finalproject_urvish.csproj", "{10A6CCF3-5600-471A-9A98-63B5C439FBD4}"
EndProject
Global
	GlobalSection(SolutionConfigurationPlatforms) = preSolution
		Debug|Any CPU = Debug|Any CPU
		Release|Any CPU = Release|Any CPU
	EndGlobalSection
	GlobalSection(ProjectConfigurationPlatforms) = postSolution
		{10A6CCF3-5600-471A-9A98-63B5C439FBD4}.Debug|Any CPU.ActiveCfg = Debug|Any CPU
		{10A6CCF3-5600-471A-9A98-63B5C439FBD4}.Debug|Any CPU.Build.0 = Debug|Any CPU
		{10A6CCF3-5600-471A-9A98-63B5C439FBD4}.Release|Any CPU.ActiveCfg = Release|Any CPU
		{10A6CCF3-5600-471A-9A98-63B5C439FBD4}.Release|Any CPU.Build.0 = Release|Any CPU
	EndGlobalSection
	GlobalSection(SolutionProperties) = preSolution
		HideSolutionNode = FALSE
	EndGlobalSection
	GlobalSection(ExtensibilityGlobals) = postSolution
		SolutionGuid = {7B0C7FDC-1409-4251-8467-701E08857051}
	EndGlobalSection
EndGlobal
